// !$*UTF8*$!
{
	archiveVersion = 1;
	classes = {
	};
	objectVersion = 52;
	objects = {

/* Begin PBXBuildFile section */
		DE0295E82550BD8E00D901D0 /* Level.swift in Sources */ = {isa = PBXBuildFile; fileRef = DE0295E72550BD8E00D901D0 /* Level.swift */; };
		DE0295ED2550BEFF00D901D0 /* Game.swift in Sources */ = {isa = PBXBuildFile; fileRef = DE0295EC2550BEFF00D901D0 /* Game.swift */; };
		DE0295F52550C6A100D901D0 /* GameplayController.swift in Sources */ = {isa = PBXBuildFile; fileRef = DE0295F42550C6A100D901D0 /* GameplayController.swift */; };
		DE3A4D9025509713007A4003 /* GamesViewController.swift in Sources */ = {isa = PBXBuildFile; fileRef = DE3A4D8F25509713007A4003 /* GamesViewController.swift */; };
		DE3A4D9525509BCF007A4003 /* GameCell.swift in Sources */ = {isa = PBXBuildFile; fileRef = DE3A4D9425509BCF007A4003 /* GameCell.swift */; };
		DE3A4D9A2550A9ED007A4003 /* LevelsViewController.swift in Sources */ = {isa = PBXBuildFile; fileRef = DE3A4D992550A9ED007A4003 /* LevelsViewController.swift */; };
		DE3A4D9F2550AC2A007A4003 /* LevelCell.swift in Sources */ = {isa = PBXBuildFile; fileRef = DE3A4D9E2550AC2A007A4003 /* LevelCell.swift */; };
		DE4C507C25534A5B0059A74A /* LevelSummaryViewController.swift in Sources */ = {isa = PBXBuildFile; fileRef = DE4C507B25534A5B0059A74A /* LevelSummaryViewController.swift */; };
		DE4C5081255351980059A74A /* GameplayDelegate.swift in Sources */ = {isa = PBXBuildFile; fileRef = DE4C5080255351980059A74A /* GameplayDelegate.swift */; };
		DE60962B2554A75D00617228 /* AudioSource.swift in Sources */ = {isa = PBXBuildFile; fileRef = DE60962A2554A75D00617228 /* AudioSource.swift */; };
		DEAC409C2553573800A20C78 /* EQDetectiveLevel+Levels.swift in Sources */ = {isa = PBXBuildFile; fileRef = DEAC409B2553573800A20C78 /* EQDetectiveLevel+Levels.swift */; };
		DEBB3B9D2551ED550064A8CE /* UserGameData.xcdatamodeld in Sources */ = {isa = PBXBuildFile; fileRef = DEC18637254A399D00D730CC /* UserGameData.xcdatamodeld */; };
		DEBEF01B2551D33D0095134B /* LevelProgress+CoreDataClass.swift in Sources */ = {isa = PBXBuildFile; fileRef = DEBEF0192551D33D0095134B /* LevelProgress+CoreDataClass.swift */; };
		DEBEF01C2551D33D0095134B /* LevelProgress+CoreDataProperties.swift in Sources */ = {isa = PBXBuildFile; fileRef = DEBEF01A2551D33D0095134B /* LevelProgress+CoreDataProperties.swift */; };
		DEBEF0212551D3C70095134B /* UserProgressManager.swift in Sources */ = {isa = PBXBuildFile; fileRef = DEBEF0202551D3C70095134B /* UserProgressManager.swift */; };
		DEBEF0292551DD7B0095134B /* Round.swift in Sources */ = {isa = PBXBuildFile; fileRef = DEBEF0282551DD7B0095134B /* Round.swift */; };
		DEBF5CE2254A49A200818B86 /* Extensions.swift in Sources */ = {isa = PBXBuildFile; fileRef = DEBF5CE1254A49A200818B86 /* Extensions.swift */; };
		DEC1862F254A399D00D730CC /* AppDelegate.swift in Sources */ = {isa = PBXBuildFile; fileRef = DEC1862E254A399D00D730CC /* AppDelegate.swift */; };
		DEC18631254A399D00D730CC /* SceneDelegate.swift in Sources */ = {isa = PBXBuildFile; fileRef = DEC18630254A399D00D730CC /* SceneDelegate.swift */; };
		DEC1863B254A399F00D730CC /* Assets.xcassets in Resources */ = {isa = PBXBuildFile; fileRef = DEC1863A254A399F00D730CC /* Assets.xcassets */; };
		DEC1863E254A399F00D730CC /* LaunchScreen.storyboard in Resources */ = {isa = PBXBuildFile; fileRef = DEC1863C254A399F00D730CC /* LaunchScreen.storyboard */; };
		DEC18649254A399F00D730CC /* SoundWizardTests.swift in Sources */ = {isa = PBXBuildFile; fileRef = DEC18648254A399F00D730CC /* SoundWizardTests.swift */; };
		DEC18654254A399F00D730CC /* SoundWizardUITests.swift in Sources */ = {isa = PBXBuildFile; fileRef = DEC18653254A399F00D730CC /* SoundWizardUITests.swift */; };
		DEC1866F254A39DB00D730CC /* FrequencyGraphView.swift in Sources */ = {isa = PBXBuildFile; fileRef = DEC1866C254A39C800D730CC /* FrequencyGraphView.swift */; };
		DEC18670254A39DB00D730CC /* EQDetectiveTurn.swift in Sources */ = {isa = PBXBuildFile; fileRef = DEC18669254A39C800D730CC /* EQDetectiveTurn.swift */; };
		DEC18671254A39DB00D730CC /* EQDetectiveEngine.swift in Sources */ = {isa = PBXBuildFile; fileRef = DEC1866A254A39C800D730CC /* EQDetectiveEngine.swift */; };
		DEC18672254A39DB00D730CC /* EQDetectiveViewController.swift in Sources */ = {isa = PBXBuildFile; fileRef = DEC1866D254A39C800D730CC /* EQDetectiveViewController.swift */; };
		DEC18673254A39DB00D730CC /* EQDetectiveRound.swift in Sources */ = {isa = PBXBuildFile; fileRef = DEC1866B254A39C800D730CC /* EQDetectiveRound.swift */; };
		DEC18680254A3A1A00D730CC /* AudioCalculator.swift in Sources */ = {isa = PBXBuildFile; fileRef = DEC1867F254A3A1600D730CC /* AudioCalculator.swift */; };
		DEC18681254A3A1A00D730CC /* FilterConductor.swift in Sources */ = {isa = PBXBuildFile; fileRef = DEC1867D254A3A1600D730CC /* FilterConductor.swift */; };
		DEC18682254A3A1A00D730CC /* Cookbook.swift in Sources */ = {isa = PBXBuildFile; fileRef = DEC1867E254A3A1600D730CC /* Cookbook.swift */; };
		DEC18689254A3A2500D730CC /* Drums.wav in Resources */ = {isa = PBXBuildFile; fileRef = DEC18688254A3A2200D730CC /* Drums.wav */; };
		DEC1868A254A3A2500D730CC /* Pink.aif in Resources */ = {isa = PBXBuildFile; fileRef = DEC18687254A3A2200D730CC /* Pink.aif */; };
		DEC18690254A3ABE00D730CC /* AudioKit in Frameworks */ = {isa = PBXBuildFile; productRef = DEC1868F254A3ABE00D730CC /* AudioKit */; };
		DEC186A1254A3C6500D730CC /* Main.storyboard in Resources */ = {isa = PBXBuildFile; fileRef = DEC18678254A39FF00D730CC /* Main.storyboard */; };
		DEC186AB254A3CB600D730CC /* EQDetectiveEngineTests.swift in Sources */ = {isa = PBXBuildFile; fileRef = DEC186AA254A3CB600D730CC /* EQDetectiveEngineTests.swift */; };
		DEC84A0F25546D2500CF46D6 /* EQDetectiveInstructionView.swift in Sources */ = {isa = PBXBuildFile; fileRef = DEC84A0E25546D2500CF46D6 /* EQDetectiveInstructionView.swift */; };
		DEC84A142554762700CF46D6 /* EQDetectiveInstructionViewController.swift in Sources */ = {isa = PBXBuildFile; fileRef = DEC84A132554762700CF46D6 /* EQDetectiveInstructionViewController.swift */; };
		DEC84A19255477F500CF46D6 /* InstructionController.swift in Sources */ = {isa = PBXBuildFile; fileRef = DEC84A18255477F500CF46D6 /* InstructionController.swift */; };
		DEE39BC7254B39E6003C2DE4 /* ScoreFeedback.swift in Sources */ = {isa = PBXBuildFile; fileRef = DEE39BC6254B39E6003C2DE4 /* ScoreFeedback.swift */; };
		DEE39BCC254B427B003C2DE4 /* EQDetectiveScore.swift in Sources */ = {isa = PBXBuildFile; fileRef = DEE39BCB254B427B003C2DE4 /* EQDetectiveScore.swift */; };
		DEEBE14A25507CC8001D9002 /* EQDetectiveLevel.swift in Sources */ = {isa = PBXBuildFile; fileRef = DEEBE14925507CC8001D9002 /* EQDetectiveLevel.swift */; };
/* End PBXBuildFile section */

/* Begin PBXContainerItemProxy section */
		DEC18645254A399F00D730CC /* PBXContainerItemProxy */ = {
			isa = PBXContainerItemProxy;
			containerPortal = DEC18623254A399D00D730CC /* Project object */;
			proxyType = 1;
			remoteGlobalIDString = DEC1862A254A399D00D730CC;
			remoteInfo = SoundWizard;
		};
		DEC18650254A399F00D730CC /* PBXContainerItemProxy */ = {
			isa = PBXContainerItemProxy;
			containerPortal = DEC18623254A399D00D730CC /* Project object */;
			proxyType = 1;
			remoteGlobalIDString = DEC1862A254A399D00D730CC;
			remoteInfo = SoundWizard;
		};
/* End PBXContainerItemProxy section */

/* Begin PBXFileReference section */
		DE0295E72550BD8E00D901D0 /* Level.swift */ = {isa = PBXFileReference; lastKnownFileType = sourcecode.swift; path = Level.swift; sourceTree = "<group>"; };
		DE0295EC2550BEFF00D901D0 /* Game.swift */ = {isa = PBXFileReference; lastKnownFileType = sourcecode.swift; path = Game.swift; sourceTree = "<group>"; };
		DE0295F42550C6A100D901D0 /* GameplayController.swift */ = {isa = PBXFileReference; lastKnownFileType = sourcecode.swift; path = GameplayController.swift; sourceTree = "<group>"; };
		DE3A4D8F25509713007A4003 /* GamesViewController.swift */ = {isa = PBXFileReference; lastKnownFileType = sourcecode.swift; path = GamesViewController.swift; sourceTree = "<group>"; };
		DE3A4D9425509BCF007A4003 /* GameCell.swift */ = {isa = PBXFileReference; lastKnownFileType = sourcecode.swift; path = GameCell.swift; sourceTree = "<group>"; };
		DE3A4D992550A9ED007A4003 /* LevelsViewController.swift */ = {isa = PBXFileReference; lastKnownFileType = sourcecode.swift; path = LevelsViewController.swift; sourceTree = "<group>"; };
		DE3A4D9E2550AC2A007A4003 /* LevelCell.swift */ = {isa = PBXFileReference; lastKnownFileType = sourcecode.swift; path = LevelCell.swift; sourceTree = "<group>"; };
		DE4C507B25534A5B0059A74A /* LevelSummaryViewController.swift */ = {isa = PBXFileReference; lastKnownFileType = sourcecode.swift; path = LevelSummaryViewController.swift; sourceTree = "<group>"; };
		DE4C5080255351980059A74A /* GameplayDelegate.swift */ = {isa = PBXFileReference; lastKnownFileType = sourcecode.swift; path = GameplayDelegate.swift; sourceTree = "<group>"; };
		DE60962A2554A75D00617228 /* AudioSource.swift */ = {isa = PBXFileReference; lastKnownFileType = sourcecode.swift; path = AudioSource.swift; sourceTree = "<group>"; };
		DEAC409B2553573800A20C78 /* EQDetectiveLevel+Levels.swift */ = {isa = PBXFileReference; lastKnownFileType = sourcecode.swift; path = "EQDetectiveLevel+Levels.swift"; sourceTree = "<group>"; };
		DEBEF0192551D33D0095134B /* LevelProgress+CoreDataClass.swift */ = {isa = PBXFileReference; lastKnownFileType = sourcecode.swift; path = "LevelProgress+CoreDataClass.swift"; sourceTree = "<group>"; };
		DEBEF01A2551D33D0095134B /* LevelProgress+CoreDataProperties.swift */ = {isa = PBXFileReference; lastKnownFileType = sourcecode.swift; path = "LevelProgress+CoreDataProperties.swift"; sourceTree = "<group>"; };
		DEBEF0202551D3C70095134B /* UserProgressManager.swift */ = {isa = PBXFileReference; lastKnownFileType = sourcecode.swift; path = UserProgressManager.swift; sourceTree = "<group>"; };
		DEBEF0282551DD7B0095134B /* Round.swift */ = {isa = PBXFileReference; lastKnownFileType = sourcecode.swift; path = Round.swift; sourceTree = "<group>"; };
		DEBF5CE1254A49A200818B86 /* Extensions.swift */ = {isa = PBXFileReference; lastKnownFileType = sourcecode.swift; path = Extensions.swift; sourceTree = "<group>"; };
		DEC1862B254A399D00D730CC /* SoundWizard.app */ = {isa = PBXFileReference; explicitFileType = wrapper.application; includeInIndex = 0; path = SoundWizard.app; sourceTree = BUILT_PRODUCTS_DIR; };
		DEC1862E254A399D00D730CC /* AppDelegate.swift */ = {isa = PBXFileReference; lastKnownFileType = sourcecode.swift; path = AppDelegate.swift; sourceTree = "<group>"; };
		DEC18630254A399D00D730CC /* SceneDelegate.swift */ = {isa = PBXFileReference; lastKnownFileType = sourcecode.swift; path = SceneDelegate.swift; sourceTree = "<group>"; };
		DEC18638254A399D00D730CC /* SoundWizard.xcdatamodel */ = {isa = PBXFileReference; lastKnownFileType = wrapper.xcdatamodel; path = SoundWizard.xcdatamodel; sourceTree = "<group>"; };
		DEC1863A254A399F00D730CC /* Assets.xcassets */ = {isa = PBXFileReference; lastKnownFileType = folder.assetcatalog; path = Assets.xcassets; sourceTree = "<group>"; };
		DEC1863D254A399F00D730CC /* Base */ = {isa = PBXFileReference; lastKnownFileType = file.storyboard; name = Base; path = Base.lproj/LaunchScreen.storyboard; sourceTree = "<group>"; };
		DEC1863F254A399F00D730CC /* Info.plist */ = {isa = PBXFileReference; lastKnownFileType = text.plist.xml; path = Info.plist; sourceTree = "<group>"; };
		DEC18644254A399F00D730CC /* SoundWizardTests.xctest */ = {isa = PBXFileReference; explicitFileType = wrapper.cfbundle; includeInIndex = 0; path = SoundWizardTests.xctest; sourceTree = BUILT_PRODUCTS_DIR; };
		DEC18648254A399F00D730CC /* SoundWizardTests.swift */ = {isa = PBXFileReference; lastKnownFileType = sourcecode.swift; path = SoundWizardTests.swift; sourceTree = "<group>"; };
		DEC1864A254A399F00D730CC /* Info.plist */ = {isa = PBXFileReference; lastKnownFileType = text.plist.xml; path = Info.plist; sourceTree = "<group>"; };
		DEC1864F254A399F00D730CC /* SoundWizardUITests.xctest */ = {isa = PBXFileReference; explicitFileType = wrapper.cfbundle; includeInIndex = 0; path = SoundWizardUITests.xctest; sourceTree = BUILT_PRODUCTS_DIR; };
		DEC18653254A399F00D730CC /* SoundWizardUITests.swift */ = {isa = PBXFileReference; lastKnownFileType = sourcecode.swift; path = SoundWizardUITests.swift; sourceTree = "<group>"; };
		DEC18655254A399F00D730CC /* Info.plist */ = {isa = PBXFileReference; lastKnownFileType = text.plist.xml; path = Info.plist; sourceTree = "<group>"; };
		DEC18669254A39C800D730CC /* EQDetectiveTurn.swift */ = {isa = PBXFileReference; lastKnownFileType = sourcecode.swift; path = EQDetectiveTurn.swift; sourceTree = "<group>"; };
		DEC1866A254A39C800D730CC /* EQDetectiveEngine.swift */ = {isa = PBXFileReference; lastKnownFileType = sourcecode.swift; path = EQDetectiveEngine.swift; sourceTree = "<group>"; };
		DEC1866B254A39C800D730CC /* EQDetectiveRound.swift */ = {isa = PBXFileReference; lastKnownFileType = sourcecode.swift; path = EQDetectiveRound.swift; sourceTree = "<group>"; };
		DEC1866C254A39C800D730CC /* FrequencyGraphView.swift */ = {isa = PBXFileReference; lastKnownFileType = sourcecode.swift; path = FrequencyGraphView.swift; sourceTree = "<group>"; };
		DEC1866D254A39C800D730CC /* EQDetectiveViewController.swift */ = {isa = PBXFileReference; lastKnownFileType = sourcecode.swift; path = EQDetectiveViewController.swift; sourceTree = "<group>"; };
		DEC18678254A39FF00D730CC /* Main.storyboard */ = {isa = PBXFileReference; lastKnownFileType = file.storyboard; path = Main.storyboard; sourceTree = "<group>"; };
		DEC1867D254A3A1600D730CC /* FilterConductor.swift */ = {isa = PBXFileReference; lastKnownFileType = sourcecode.swift; path = FilterConductor.swift; sourceTree = "<group>"; };
		DEC1867E254A3A1600D730CC /* Cookbook.swift */ = {isa = PBXFileReference; lastKnownFileType = sourcecode.swift; path = Cookbook.swift; sourceTree = "<group>"; };
		DEC1867F254A3A1600D730CC /* AudioCalculator.swift */ = {isa = PBXFileReference; lastKnownFileType = sourcecode.swift; path = AudioCalculator.swift; sourceTree = "<group>"; };
		DEC18687254A3A2200D730CC /* Pink.aif */ = {isa = PBXFileReference; lastKnownFileType = file; path = Pink.aif; sourceTree = "<group>"; };
		DEC18688254A3A2200D730CC /* Drums.wav */ = {isa = PBXFileReference; lastKnownFileType = audio.wav; path = Drums.wav; sourceTree = "<group>"; };
		DEC186AA254A3CB600D730CC /* EQDetectiveEngineTests.swift */ = {isa = PBXFileReference; lastKnownFileType = sourcecode.swift; path = EQDetectiveEngineTests.swift; sourceTree = "<group>"; };
		DEC84A0E25546D2500CF46D6 /* EQDetectiveInstructionView.swift */ = {isa = PBXFileReference; lastKnownFileType = sourcecode.swift; path = EQDetectiveInstructionView.swift; sourceTree = "<group>"; };
		DEC84A132554762700CF46D6 /* EQDetectiveInstructionViewController.swift */ = {isa = PBXFileReference; lastKnownFileType = sourcecode.swift; path = EQDetectiveInstructionViewController.swift; sourceTree = "<group>"; };
		DEC84A18255477F500CF46D6 /* InstructionController.swift */ = {isa = PBXFileReference; lastKnownFileType = sourcecode.swift; path = InstructionController.swift; sourceTree = "<group>"; };
		DEE39BC6254B39E6003C2DE4 /* ScoreFeedback.swift */ = {isa = PBXFileReference; lastKnownFileType = sourcecode.swift; path = ScoreFeedback.swift; sourceTree = "<group>"; };
		DEE39BCB254B427B003C2DE4 /* EQDetectiveScore.swift */ = {isa = PBXFileReference; lastKnownFileType = sourcecode.swift; path = EQDetectiveScore.swift; sourceTree = "<group>"; };
		DEEBE14925507CC8001D9002 /* EQDetectiveLevel.swift */ = {isa = PBXFileReference; lastKnownFileType = sourcecode.swift; path = EQDetectiveLevel.swift; sourceTree = "<group>"; };
/* End PBXFileReference section */

/* Begin PBXFrameworksBuildPhase section */
		DEC18628254A399D00D730CC /* Frameworks */ = {
			isa = PBXFrameworksBuildPhase;
			buildActionMask = 2147483647;
			files = (
				DEC18690254A3ABE00D730CC /* AudioKit in Frameworks */,
			);
			runOnlyForDeploymentPostprocessing = 0;
		};
		DEC18641254A399F00D730CC /* Frameworks */ = {
			isa = PBXFrameworksBuildPhase;
			buildActionMask = 2147483647;
			files = (
			);
			runOnlyForDeploymentPostprocessing = 0;
		};
		DEC1864C254A399F00D730CC /* Frameworks */ = {
			isa = PBXFrameworksBuildPhase;
			buildActionMask = 2147483647;
			files = (
			);
			runOnlyForDeploymentPostprocessing = 0;
		};
/* End PBXFrameworksBuildPhase section */

/* Begin PBXGroup section */
		DEC18622254A399D00D730CC = {
			isa = PBXGroup;
			children = (
				DEC1862D254A399D00D730CC /* SoundWizard */,
				DEC18647254A399F00D730CC /* SoundWizardTests */,
				DEC18652254A399F00D730CC /* SoundWizardUITests */,
				DEC1862C254A399D00D730CC /* Products */,
			);
			sourceTree = "<group>";
		};
		DEC1862C254A399D00D730CC /* Products */ = {
			isa = PBXGroup;
			children = (
				DEC1862B254A399D00D730CC /* SoundWizard.app */,
				DEC18644254A399F00D730CC /* SoundWizardTests.xctest */,
				DEC1864F254A399F00D730CC /* SoundWizardUITests.xctest */,
			);
			name = Products;
			sourceTree = "<group>";
		};
		DEC1862D254A399D00D730CC /* SoundWizard */ = {
			isa = PBXGroup;
			children = (
				DEC1863F254A399F00D730CC /* Info.plist */,
				DEC1862E254A399D00D730CC /* AppDelegate.swift */,
				DEC18630254A399D00D730CC /* SceneDelegate.swift */,
				DEDCF8162550FDAA000AADB1 /* Controller */,
				DEDCF8122550FDA0000AADB1 /* Model */,
				DEC18691254A3AC700D730CC /* View */,
				DEC18667254A39C800D730CC /* Modules */,
				DEC1863A254A399F00D730CC /* Assets.xcassets */,
				DEC18686254A3A2200D730CC /* Audio */,
				DEEBE14225507C2D001D9002 /* Utility */,
				DEC1867C254A3A1600D730CC /* Core */,
			);
			path = SoundWizard;
			sourceTree = "<group>";
		};
		DEC18647254A399F00D730CC /* SoundWizardTests */ = {
			isa = PBXGroup;
			children = (
				DEC18648254A399F00D730CC /* SoundWizardTests.swift */,
				DEC186A5254A3C8F00D730CC /* Modules */,
				DEC1864A254A399F00D730CC /* Info.plist */,
			);
			path = SoundWizardTests;
			sourceTree = "<group>";
		};
		DEC18652254A399F00D730CC /* SoundWizardUITests */ = {
			isa = PBXGroup;
			children = (
				DEC18653254A399F00D730CC /* SoundWizardUITests.swift */,
				DEC18655254A399F00D730CC /* Info.plist */,
			);
			path = SoundWizardUITests;
			sourceTree = "<group>";
		};
		DEC18667254A39C800D730CC /* Modules */ = {
			isa = PBXGroup;
			children = (
				DEC18668254A39C800D730CC /* EQDetective */,
			);
			path = Modules;
			sourceTree = "<group>";
		};
		DEC18668254A39C800D730CC /* EQDetective */ = {
			isa = PBXGroup;
			children = (
				DEEBE14425507C93001D9002 /* Controller */,
				DEEBE14325507C7E001D9002 /* Model */,
				DEEBE14525507CA1001D9002 /* View */,
			);
			path = EQDetective;
			sourceTree = "<group>";
		};
		DEC1867C254A3A1600D730CC /* Core */ = {
			isa = PBXGroup;
			children = (
				DEC1867D254A3A1600D730CC /* FilterConductor.swift */,
				DEE39BC6254B39E6003C2DE4 /* ScoreFeedback.swift */,
				DEC1867E254A3A1600D730CC /* Cookbook.swift */,
				DE60962A2554A75D00617228 /* AudioSource.swift */,
			);
			path = Core;
			sourceTree = "<group>";
		};
		DEC18686254A3A2200D730CC /* Audio */ = {
			isa = PBXGroup;
			children = (
				DEC18687254A3A2200D730CC /* Pink.aif */,
				DEC18688254A3A2200D730CC /* Drums.wav */,
			);
			path = Audio;
			sourceTree = "<group>";
		};
		DEC18691254A3AC700D730CC /* View */ = {
			isa = PBXGroup;
			children = (
				DEC1863C254A399F00D730CC /* LaunchScreen.storyboard */,
				DEC18678254A39FF00D730CC /* Main.storyboard */,
				DE3A4D9425509BCF007A4003 /* GameCell.swift */,
				DE3A4D9E2550AC2A007A4003 /* LevelCell.swift */,
			);
			path = View;
			sourceTree = "<group>";
		};
		DEC186A5254A3C8F00D730CC /* Modules */ = {
			isa = PBXGroup;
			children = (
				DEC186A6254A3C9600D730CC /* EQDetective */,
			);
			path = Modules;
			sourceTree = "<group>";
		};
		DEC186A6254A3C9600D730CC /* EQDetective */ = {
			isa = PBXGroup;
			children = (
				DEC186AA254A3CB600D730CC /* EQDetectiveEngineTests.swift */,
			);
			path = EQDetective;
			sourceTree = "<group>";
		};
		DEDCF8122550FDA0000AADB1 /* Model */ = {
			isa = PBXGroup;
			children = (
				DEBEF0192551D33D0095134B /* LevelProgress+CoreDataClass.swift */,
				DEBEF01A2551D33D0095134B /* LevelProgress+CoreDataProperties.swift */,
				DE0295F42550C6A100D901D0 /* GameplayController.swift */,
				DE4C5080255351980059A74A /* GameplayDelegate.swift */,
				DEC18637254A399D00D730CC /* UserGameData.xcdatamodeld */,
				DE0295E72550BD8E00D901D0 /* Level.swift */,
				DEBEF0282551DD7B0095134B /* Round.swift */,
				DE0295EC2550BEFF00D901D0 /* Game.swift */,
				DEC84A18255477F500CF46D6 /* InstructionController.swift */,
			);
			path = Model;
			sourceTree = "<group>";
		};
		DEDCF8162550FDAA000AADB1 /* Controller */ = {
			isa = PBXGroup;
			children = (
				DE3A4D8F25509713007A4003 /* GamesViewController.swift */,
				DE3A4D992550A9ED007A4003 /* LevelsViewController.swift */,
				DEBEF0202551D3C70095134B /* UserProgressManager.swift */,
				DE4C507B25534A5B0059A74A /* LevelSummaryViewController.swift */,
			);
			path = Controller;
			sourceTree = "<group>";
		};
		DEEBE14225507C2D001D9002 /* Utility */ = {
			isa = PBXGroup;
			children = (
				DEBF5CE1254A49A200818B86 /* Extensions.swift */,
				DEC1867F254A3A1600D730CC /* AudioCalculator.swift */,
			);
			path = Utility;
			sourceTree = "<group>";
		};
		DEEBE14325507C7E001D9002 /* Model */ = {
			isa = PBXGroup;
			children = (
				DEEBE14925507CC8001D9002 /* EQDetectiveLevel.swift */,
				DEAC409B2553573800A20C78 /* EQDetectiveLevel+Levels.swift */,
				DEC1866B254A39C800D730CC /* EQDetectiveRound.swift */,
				DEC18669254A39C800D730CC /* EQDetectiveTurn.swift */,
				DEE39BCB254B427B003C2DE4 /* EQDetectiveScore.swift */,
			);
			path = Model;
			sourceTree = "<group>";
		};
		DEEBE14425507C93001D9002 /* Controller */ = {
			isa = PBXGroup;
			children = (
				DEC1866A254A39C800D730CC /* EQDetectiveEngine.swift */,
				DEC1866D254A39C800D730CC /* EQDetectiveViewController.swift */,
				DEC84A132554762700CF46D6 /* EQDetectiveInstructionViewController.swift */,
			);
			path = Controller;
			sourceTree = "<group>";
		};
		DEEBE14525507CA1001D9002 /* View */ = {
			isa = PBXGroup;
			children = (
				DEC1866C254A39C800D730CC /* FrequencyGraphView.swift */,
				DEC84A0E25546D2500CF46D6 /* EQDetectiveInstructionView.swift */,
			);
			path = View;
			sourceTree = "<group>";
		};
/* End PBXGroup section */

/* Begin PBXNativeTarget section */
		DEC1862A254A399D00D730CC /* SoundWizard */ = {
			isa = PBXNativeTarget;
			buildConfigurationList = DEC18658254A399F00D730CC /* Build configuration list for PBXNativeTarget "SoundWizard" */;
			buildPhases = (
				DEC18627254A399D00D730CC /* Sources */,
				DEC18628254A399D00D730CC /* Frameworks */,
				DEC18629254A399D00D730CC /* Resources */,
			);
			buildRules = (
			);
			dependencies = (
			);
			name = SoundWizard;
			packageProductDependencies = (
				DEC1868F254A3ABE00D730CC /* AudioKit */,
			);
			productName = SoundWizard;
			productReference = DEC1862B254A399D00D730CC /* SoundWizard.app */;
			productType = "com.apple.product-type.application";
		};
		DEC18643254A399F00D730CC /* SoundWizardTests */ = {
			isa = PBXNativeTarget;
			buildConfigurationList = DEC1865B254A399F00D730CC /* Build configuration list for PBXNativeTarget "SoundWizardTests" */;
			buildPhases = (
				DEC18640254A399F00D730CC /* Sources */,
				DEC18641254A399F00D730CC /* Frameworks */,
				DEC18642254A399F00D730CC /* Resources */,
			);
			buildRules = (
			);
			dependencies = (
				DEC18646254A399F00D730CC /* PBXTargetDependency */,
			);
			name = SoundWizardTests;
			productName = SoundWizardTests;
			productReference = DEC18644254A399F00D730CC /* SoundWizardTests.xctest */;
			productType = "com.apple.product-type.bundle.unit-test";
		};
		DEC1864E254A399F00D730CC /* SoundWizardUITests */ = {
			isa = PBXNativeTarget;
			buildConfigurationList = DEC1865E254A399F00D730CC /* Build configuration list for PBXNativeTarget "SoundWizardUITests" */;
			buildPhases = (
				DEC1864B254A399F00D730CC /* Sources */,
				DEC1864C254A399F00D730CC /* Frameworks */,
				DEC1864D254A399F00D730CC /* Resources */,
			);
			buildRules = (
			);
			dependencies = (
				DEC18651254A399F00D730CC /* PBXTargetDependency */,
			);
			name = SoundWizardUITests;
			productName = SoundWizardUITests;
			productReference = DEC1864F254A399F00D730CC /* SoundWizardUITests.xctest */;
			productType = "com.apple.product-type.bundle.ui-testing";
		};
/* End PBXNativeTarget section */

/* Begin PBXProject section */
		DEC18623254A399D00D730CC /* Project object */ = {
			isa = PBXProject;
			attributes = {
				LastSwiftUpdateCheck = 1210;
				LastUpgradeCheck = 1210;
				TargetAttributes = {
					DEC1862A254A399D00D730CC = {
						CreatedOnToolsVersion = 12.1;
					};
					DEC18643254A399F00D730CC = {
						CreatedOnToolsVersion = 12.1;
						TestTargetID = DEC1862A254A399D00D730CC;
					};
					DEC1864E254A399F00D730CC = {
						CreatedOnToolsVersion = 12.1;
						TestTargetID = DEC1862A254A399D00D730CC;
					};
				};
			};
			buildConfigurationList = DEC18626254A399D00D730CC /* Build configuration list for PBXProject "SoundWizard" */;
			compatibilityVersion = "Xcode 9.3";
			developmentRegion = en;
			hasScannedForEncodings = 0;
			knownRegions = (
				en,
				Base,
			);
			mainGroup = DEC18622254A399D00D730CC;
			packageReferences = (
				DEC1868E254A3ABE00D730CC /* XCRemoteSwiftPackageReference "AudioKit" */,
			);
			productRefGroup = DEC1862C254A399D00D730CC /* Products */;
			projectDirPath = "";
			projectRoot = "";
			targets = (
				DEC1862A254A399D00D730CC /* SoundWizard */,
				DEC18643254A399F00D730CC /* SoundWizardTests */,
				DEC1864E254A399F00D730CC /* SoundWizardUITests */,
			);
		};
/* End PBXProject section */

/* Begin PBXResourcesBuildPhase section */
		DEC18629254A399D00D730CC /* Resources */ = {
			isa = PBXResourcesBuildPhase;
			buildActionMask = 2147483647;
			files = (
				DEC1868A254A3A2500D730CC /* Pink.aif in Resources */,
				DEC186A1254A3C6500D730CC /* Main.storyboard in Resources */,
				DEC1863E254A399F00D730CC /* LaunchScreen.storyboard in Resources */,
				DEC1863B254A399F00D730CC /* Assets.xcassets in Resources */,
				DEC18689254A3A2500D730CC /* Drums.wav in Resources */,
			);
			runOnlyForDeploymentPostprocessing = 0;
		};
		DEC18642254A399F00D730CC /* Resources */ = {
			isa = PBXResourcesBuildPhase;
			buildActionMask = 2147483647;
			files = (
			);
			runOnlyForDeploymentPostprocessing = 0;
		};
		DEC1864D254A399F00D730CC /* Resources */ = {
			isa = PBXResourcesBuildPhase;
			buildActionMask = 2147483647;
			files = (
			);
			runOnlyForDeploymentPostprocessing = 0;
		};
/* End PBXResourcesBuildPhase section */

/* Begin PBXSourcesBuildPhase section */
		DEC18627254A399D00D730CC /* Sources */ = {
			isa = PBXSourcesBuildPhase;
			buildActionMask = 2147483647;
			files = (
				DE4C5081255351980059A74A /* GameplayDelegate.swift in Sources */,
				DE4C507C25534A5B0059A74A /* LevelSummaryViewController.swift in Sources */,
				DEC84A0F25546D2500CF46D6 /* EQDetectiveInstructionView.swift in Sources */,
				DEE39BCC254B427B003C2DE4 /* EQDetectiveScore.swift in Sources */,
				DEBEF01C2551D33D0095134B /* LevelProgress+CoreDataProperties.swift in Sources */,
				DEC84A142554762700CF46D6 /* EQDetectiveInstructionViewController.swift in Sources */,
				DEBEF01B2551D33D0095134B /* LevelProgress+CoreDataClass.swift in Sources */,
				DEC18670254A39DB00D730CC /* EQDetectiveTurn.swift in Sources */,
				DEC1862F254A399D00D730CC /* AppDelegate.swift in Sources */,
				DEAC409C2553573800A20C78 /* EQDetectiveLevel+Levels.swift in Sources */,
				DEC18671254A39DB00D730CC /* EQDetectiveEngine.swift in Sources */,
				DE3A4D9025509713007A4003 /* GamesViewController.swift in Sources */,
				DEC18672254A39DB00D730CC /* EQDetectiveViewController.swift in Sources */,
				DEC1866F254A39DB00D730CC /* FrequencyGraphView.swift in Sources */,
				DEC18682254A3A1A00D730CC /* Cookbook.swift in Sources */,
				DEBEF0292551DD7B0095134B /* Round.swift in Sources */,
				DEBEF0212551D3C70095134B /* UserProgressManager.swift in Sources */,
				DEC18631254A399D00D730CC /* SceneDelegate.swift in Sources */,
				DE0295E82550BD8E00D901D0 /* Level.swift in Sources */,
				DE0295F52550C6A100D901D0 /* GameplayController.swift in Sources */,
				DE60962B2554A75D00617228 /* AudioSource.swift in Sources */,
				DE3A4D9A2550A9ED007A4003 /* LevelsViewController.swift in Sources */,
				DEC18673254A39DB00D730CC /* EQDetectiveRound.swift in Sources */,
				DEC18680254A3A1A00D730CC /* AudioCalculator.swift in Sources */,
				DEBB3B9D2551ED550064A8CE /* UserGameData.xcdatamodeld in Sources */,
				DE3A4D9F2550AC2A007A4003 /* LevelCell.swift in Sources */,
				DEEBE14A25507CC8001D9002 /* EQDetectiveLevel.swift in Sources */,
				DE3A4D9525509BCF007A4003 /* GameCell.swift in Sources */,
				DEC18681254A3A1A00D730CC /* FilterConductor.swift in Sources */,
				DEC84A19255477F500CF46D6 /* InstructionController.swift in Sources */,
				DEE39BC7254B39E6003C2DE4 /* ScoreFeedback.swift in Sources */,
				DEBF5CE2254A49A200818B86 /* Extensions.swift in Sources */,
				DE0295ED2550BEFF00D901D0 /* Game.swift in Sources */,
			);
			runOnlyForDeploymentPostprocessing = 0;
		};
		DEC18640254A399F00D730CC /* Sources */ = {
			isa = PBXSourcesBuildPhase;
			buildActionMask = 2147483647;
			files = (
				DEC18649254A399F00D730CC /* SoundWizardTests.swift in Sources */,
				DEC186AB254A3CB600D730CC /* EQDetectiveEngineTests.swift in Sources */,
			);
			runOnlyForDeploymentPostprocessing = 0;
		};
		DEC1864B254A399F00D730CC /* Sources */ = {
			isa = PBXSourcesBuildPhase;
			buildActionMask = 2147483647;
			files = (
				DEC18654254A399F00D730CC /* SoundWizardUITests.swift in Sources */,
			);
			runOnlyForDeploymentPostprocessing = 0;
		};
/* End PBXSourcesBuildPhase section */

/* Begin PBXTargetDependency section */
		DEC18646254A399F00D730CC /* PBXTargetDependency */ = {
			isa = PBXTargetDependency;
			target = DEC1862A254A399D00D730CC /* SoundWizard */;
			targetProxy = DEC18645254A399F00D730CC /* PBXContainerItemProxy */;
		};
		DEC18651254A399F00D730CC /* PBXTargetDependency */ = {
			isa = PBXTargetDependency;
			target = DEC1862A254A399D00D730CC /* SoundWizard */;
			targetProxy = DEC18650254A399F00D730CC /* PBXContainerItemProxy */;
		};
/* End PBXTargetDependency section */

/* Begin PBXVariantGroup section */
		DEC1863C254A399F00D730CC /* LaunchScreen.storyboard */ = {
			isa = PBXVariantGroup;
			children = (
				DEC1863D254A399F00D730CC /* Base */,
			);
			name = LaunchScreen.storyboard;
			sourceTree = "<group>";
		};
/* End PBXVariantGroup section */

/* Begin XCBuildConfiguration section */
		DEC18656254A399F00D730CC /* Debug */ = {
			isa = XCBuildConfiguration;
			buildSettings = {
				ALWAYS_SEARCH_USER_PATHS = NO;
				CLANG_ANALYZER_NONNULL = YES;
				CLANG_ANALYZER_NUMBER_OBJECT_CONVERSION = YES_AGGRESSIVE;
				CLANG_CXX_LANGUAGE_STANDARD = "gnu++14";
				CLANG_CXX_LIBRARY = "libc++";
				CLANG_ENABLE_MODULES = YES;
				CLANG_ENABLE_OBJC_ARC = YES;
				CLANG_ENABLE_OBJC_WEAK = YES;
				CLANG_WARN_BLOCK_CAPTURE_AUTORELEASING = YES;
				CLANG_WARN_BOOL_CONVERSION = YES;
				CLANG_WARN_COMMA = YES;
				CLANG_WARN_CONSTANT_CONVERSION = YES;
				CLANG_WARN_DEPRECATED_OBJC_IMPLEMENTATIONS = YES;
				CLANG_WARN_DIRECT_OBJC_ISA_USAGE = YES_ERROR;
				CLANG_WARN_DOCUMENTATION_COMMENTS = YES;
				CLANG_WARN_EMPTY_BODY = YES;
				CLANG_WARN_ENUM_CONVERSION = YES;
				CLANG_WARN_INFINITE_RECURSION = YES;
				CLANG_WARN_INT_CONVERSION = YES;
				CLANG_WARN_NON_LITERAL_NULL_CONVERSION = YES;
				CLANG_WARN_OBJC_IMPLICIT_RETAIN_SELF = YES;
				CLANG_WARN_OBJC_LITERAL_CONVERSION = YES;
				CLANG_WARN_OBJC_ROOT_CLASS = YES_ERROR;
				CLANG_WARN_QUOTED_INCLUDE_IN_FRAMEWORK_HEADER = YES;
				CLANG_WARN_RANGE_LOOP_ANALYSIS = YES;
				CLANG_WARN_STRICT_PROTOTYPES = YES;
				CLANG_WARN_SUSPICIOUS_MOVE = YES;
				CLANG_WARN_UNGUARDED_AVAILABILITY = YES_AGGRESSIVE;
				CLANG_WARN_UNREACHABLE_CODE = YES;
				CLANG_WARN__DUPLICATE_METHOD_MATCH = YES;
				COPY_PHASE_STRIP = NO;
				DEBUG_INFORMATION_FORMAT = dwarf;
				ENABLE_STRICT_OBJC_MSGSEND = YES;
				ENABLE_TESTABILITY = YES;
				GCC_C_LANGUAGE_STANDARD = gnu11;
				GCC_DYNAMIC_NO_PIC = NO;
				GCC_NO_COMMON_BLOCKS = YES;
				GCC_OPTIMIZATION_LEVEL = 0;
				GCC_PREPROCESSOR_DEFINITIONS = (
					"DEBUG=1",
					"$(inherited)",
				);
				GCC_WARN_64_TO_32_BIT_CONVERSION = YES;
				GCC_WARN_ABOUT_RETURN_TYPE = YES_ERROR;
				GCC_WARN_UNDECLARED_SELECTOR = YES;
				GCC_WARN_UNINITIALIZED_AUTOS = YES_AGGRESSIVE;
				GCC_WARN_UNUSED_FUNCTION = YES;
				GCC_WARN_UNUSED_VARIABLE = YES;
				IPHONEOS_DEPLOYMENT_TARGET = 14.0;
				MTL_ENABLE_DEBUG_INFO = INCLUDE_SOURCE;
				MTL_FAST_MATH = YES;
				ONLY_ACTIVE_ARCH = YES;
				SDKROOT = iphoneos;
				SWIFT_ACTIVE_COMPILATION_CONDITIONS = DEBUG;
				SWIFT_OPTIMIZATION_LEVEL = "-Onone";
			};
			name = Debug;
		};
		DEC18657254A399F00D730CC /* Release */ = {
			isa = XCBuildConfiguration;
			buildSettings = {
				ALWAYS_SEARCH_USER_PATHS = NO;
				CLANG_ANALYZER_NONNULL = YES;
				CLANG_ANALYZER_NUMBER_OBJECT_CONVERSION = YES_AGGRESSIVE;
				CLANG_CXX_LANGUAGE_STANDARD = "gnu++14";
				CLANG_CXX_LIBRARY = "libc++";
				CLANG_ENABLE_MODULES = YES;
				CLANG_ENABLE_OBJC_ARC = YES;
				CLANG_ENABLE_OBJC_WEAK = YES;
				CLANG_WARN_BLOCK_CAPTURE_AUTORELEASING = YES;
				CLANG_WARN_BOOL_CONVERSION = YES;
				CLANG_WARN_COMMA = YES;
				CLANG_WARN_CONSTANT_CONVERSION = YES;
				CLANG_WARN_DEPRECATED_OBJC_IMPLEMENTATIONS = YES;
				CLANG_WARN_DIRECT_OBJC_ISA_USAGE = YES_ERROR;
				CLANG_WARN_DOCUMENTATION_COMMENTS = YES;
				CLANG_WARN_EMPTY_BODY = YES;
				CLANG_WARN_ENUM_CONVERSION = YES;
				CLANG_WARN_INFINITE_RECURSION = YES;
				CLANG_WARN_INT_CONVERSION = YES;
				CLANG_WARN_NON_LITERAL_NULL_CONVERSION = YES;
				CLANG_WARN_OBJC_IMPLICIT_RETAIN_SELF = YES;
				CLANG_WARN_OBJC_LITERAL_CONVERSION = YES;
				CLANG_WARN_OBJC_ROOT_CLASS = YES_ERROR;
				CLANG_WARN_QUOTED_INCLUDE_IN_FRAMEWORK_HEADER = YES;
				CLANG_WARN_RANGE_LOOP_ANALYSIS = YES;
				CLANG_WARN_STRICT_PROTOTYPES = YES;
				CLANG_WARN_SUSPICIOUS_MOVE = YES;
				CLANG_WARN_UNGUARDED_AVAILABILITY = YES_AGGRESSIVE;
				CLANG_WARN_UNREACHABLE_CODE = YES;
				CLANG_WARN__DUPLICATE_METHOD_MATCH = YES;
				COPY_PHASE_STRIP = NO;
				DEBUG_INFORMATION_FORMAT = "dwarf-with-dsym";
				ENABLE_NS_ASSERTIONS = NO;
				ENABLE_STRICT_OBJC_MSGSEND = YES;
				GCC_C_LANGUAGE_STANDARD = gnu11;
				GCC_NO_COMMON_BLOCKS = YES;
				GCC_WARN_64_TO_32_BIT_CONVERSION = YES;
				GCC_WARN_ABOUT_RETURN_TYPE = YES_ERROR;
				GCC_WARN_UNDECLARED_SELECTOR = YES;
				GCC_WARN_UNINITIALIZED_AUTOS = YES_AGGRESSIVE;
				GCC_WARN_UNUSED_FUNCTION = YES;
				GCC_WARN_UNUSED_VARIABLE = YES;
				IPHONEOS_DEPLOYMENT_TARGET = 14.0;
				MTL_ENABLE_DEBUG_INFO = NO;
				MTL_FAST_MATH = YES;
				SDKROOT = iphoneos;
				SWIFT_COMPILATION_MODE = wholemodule;
				SWIFT_OPTIMIZATION_LEVEL = "-O";
				VALIDATE_PRODUCT = YES;
			};
			name = Release;
		};
		DEC18659254A399F00D730CC /* Debug */ = {
			isa = XCBuildConfiguration;
			buildSettings = {
				ASSETCATALOG_COMPILER_APPICON_NAME = AppIcon;
				ASSETCATALOG_COMPILER_GLOBAL_ACCENT_COLOR_NAME = AccentColor;
				CODE_SIGN_STYLE = Automatic;
				DEVELOPMENT_TEAM = QMD339GZVQ;
				INFOPLIST_FILE = "$(SRCROOT)/SoundWizard/Info.plist";
				LD_RUNPATH_SEARCH_PATHS = (
					"$(inherited)",
					"@executable_path/Frameworks",
				);
				PRODUCT_BUNDLE_IDENTIFIER = com.WesMoore.SoundWizard;
				PRODUCT_NAME = "$(TARGET_NAME)";
				SWIFT_VERSION = 5.0;
				TARGETED_DEVICE_FAMILY = "1,2";
			};
			name = Debug;
		};
		DEC1865A254A399F00D730CC /* Release */ = {
			isa = XCBuildConfiguration;
			buildSettings = {
				ASSETCATALOG_COMPILER_APPICON_NAME = AppIcon;
				ASSETCATALOG_COMPILER_GLOBAL_ACCENT_COLOR_NAME = AccentColor;
				CODE_SIGN_STYLE = Automatic;
				DEVELOPMENT_TEAM = QMD339GZVQ;
				INFOPLIST_FILE = "$(SRCROOT)/SoundWizard/Info.plist";
				LD_RUNPATH_SEARCH_PATHS = (
					"$(inherited)",
					"@executable_path/Frameworks",
				);
				PRODUCT_BUNDLE_IDENTIFIER = com.WesMoore.SoundWizard;
				PRODUCT_NAME = "$(TARGET_NAME)";
				SWIFT_VERSION = 5.0;
				TARGETED_DEVICE_FAMILY = "1,2";
			};
			name = Release;
		};
		DEC1865C254A399F00D730CC /* Debug */ = {
			isa = XCBuildConfiguration;
			buildSettings = {
				ALWAYS_EMBED_SWIFT_STANDARD_LIBRARIES = YES;
				BUNDLE_LOADER = "$(TEST_HOST)";
				CODE_SIGN_STYLE = Automatic;
				DEVELOPMENT_TEAM = QMD339GZVQ;
				INFOPLIST_FILE = SoundWizardTests/Info.plist;
				IPHONEOS_DEPLOYMENT_TARGET = 14.1;
				LD_RUNPATH_SEARCH_PATHS = (
					"$(inherited)",
					"@executable_path/Frameworks",
					"@loader_path/Frameworks",
				);
				PRODUCT_BUNDLE_IDENTIFIER = com.WesMoore.SoundWizardTests;
				PRODUCT_NAME = "$(TARGET_NAME)";
				SWIFT_VERSION = 5.0;
				TARGETED_DEVICE_FAMILY = "1,2";
				TEST_HOST = "$(BUILT_PRODUCTS_DIR)/SoundWizard.app/SoundWizard";
			};
			name = Debug;
		};
		DEC1865D254A399F00D730CC /* Release */ = {
			isa = XCBuildConfiguration;
			buildSettings = {
				ALWAYS_EMBED_SWIFT_STANDARD_LIBRARIES = YES;
				BUNDLE_LOADER = "$(TEST_HOST)";
				CODE_SIGN_STYLE = Automatic;
				DEVELOPMENT_TEAM = QMD339GZVQ;
				INFOPLIST_FILE = SoundWizardTests/Info.plist;
				IPHONEOS_DEPLOYMENT_TARGET = 14.1;
				LD_RUNPATH_SEARCH_PATHS = (
					"$(inherited)",
					"@executable_path/Frameworks",
					"@loader_path/Frameworks",
				);
				PRODUCT_BUNDLE_IDENTIFIER = com.WesMoore.SoundWizardTests;
				PRODUCT_NAME = "$(TARGET_NAME)";
				SWIFT_VERSION = 5.0;
				TARGETED_DEVICE_FAMILY = "1,2";
				TEST_HOST = "$(BUILT_PRODUCTS_DIR)/SoundWizard.app/SoundWizard";
			};
			name = Release;
		};
		DEC1865F254A399F00D730CC /* Debug */ = {
			isa = XCBuildConfiguration;
			buildSettings = {
				ALWAYS_EMBED_SWIFT_STANDARD_LIBRARIES = YES;
				CODE_SIGN_STYLE = Automatic;
				DEVELOPMENT_TEAM = QMD339GZVQ;
				INFOPLIST_FILE = SoundWizardUITests/Info.plist;
				LD_RUNPATH_SEARCH_PATHS = (
					"$(inherited)",
					"@executable_path/Frameworks",
					"@loader_path/Frameworks",
				);
				PRODUCT_BUNDLE_IDENTIFIER = com.WesMoore.SoundWizardUITests;
				PRODUCT_NAME = "$(TARGET_NAME)";
				SWIFT_VERSION = 5.0;
				TARGETED_DEVICE_FAMILY = "1,2";
				TEST_TARGET_NAME = SoundWizard;
			};
			name = Debug;
		};
		DEC18660254A399F00D730CC /* Release */ = {
			isa = XCBuildConfiguration;
			buildSettings = {
				ALWAYS_EMBED_SWIFT_STANDARD_LIBRARIES = YES;
				CODE_SIGN_STYLE = Automatic;
				DEVELOPMENT_TEAM = QMD339GZVQ;
				INFOPLIST_FILE = SoundWizardUITests/Info.plist;
				LD_RUNPATH_SEARCH_PATHS = (
					"$(inherited)",
					"@executable_path/Frameworks",
					"@loader_path/Frameworks",
				);
				PRODUCT_BUNDLE_IDENTIFIER = com.WesMoore.SoundWizardUITests;
				PRODUCT_NAME = "$(TARGET_NAME)";
				SWIFT_VERSION = 5.0;
				TARGETED_DEVICE_FAMILY = "1,2";
				TEST_TARGET_NAME = SoundWizard;
			};
			name = Release;
		};
/* End XCBuildConfiguration section */

/* Begin XCConfigurationList section */
		DEC18626254A399D00D730CC /* Build configuration list for PBXProject "SoundWizard" */ = {
			isa = XCConfigurationList;
			buildConfigurations = (
				DEC18656254A399F00D730CC /* Debug */,
				DEC18657254A399F00D730CC /* Release */,
			);
			defaultConfigurationIsVisible = 0;
			defaultConfigurationName = Release;
		};
		DEC18658254A399F00D730CC /* Build configuration list for PBXNativeTarget "SoundWizard" */ = {
			isa = XCConfigurationList;
			buildConfigurations = (
				DEC18659254A399F00D730CC /* Debug */,
				DEC1865A254A399F00D730CC /* Release */,
			);
			defaultConfigurationIsVisible = 0;
			defaultConfigurationName = Release;
		};
		DEC1865B254A399F00D730CC /* Build configuration list for PBXNativeTarget "SoundWizardTests" */ = {
			isa = XCConfigurationList;
			buildConfigurations = (
				DEC1865C254A399F00D730CC /* Debug */,
				DEC1865D254A399F00D730CC /* Release */,
			);
			defaultConfigurationIsVisible = 0;
			defaultConfigurationName = Release;
		};
		DEC1865E254A399F00D730CC /* Build configuration list for PBXNativeTarget "SoundWizardUITests" */ = {
			isa = XCConfigurationList;
			buildConfigurations = (
				DEC1865F254A399F00D730CC /* Debug */,
				DEC18660254A399F00D730CC /* Release */,
			);
			defaultConfigurationIsVisible = 0;
			defaultConfigurationName = Release;
		};
/* End XCConfigurationList section */

/* Begin XCRemoteSwiftPackageReference section */
		DEC1868E254A3ABE00D730CC /* XCRemoteSwiftPackageReference "AudioKit" */ = {
			isa = XCRemoteSwiftPackageReference;
			repositoryURL = "https://github.com/AudioKit/AudioKit";
			requirement = {
				branch = "v5-main";
				kind = branch;
			};
		};
/* End XCRemoteSwiftPackageReference section */

/* Begin XCSwiftPackageProductDependency section */
		DEC1868F254A3ABE00D730CC /* AudioKit */ = {
			isa = XCSwiftPackageProductDependency;
			package = DEC1868E254A3ABE00D730CC /* XCRemoteSwiftPackageReference "AudioKit" */;
			productName = AudioKit;
		};
/* End XCSwiftPackageProductDependency section */

/* Begin XCVersionGroup section */
		DEC18637254A399D00D730CC /* UserGameData.xcdatamodeld */ = {
			isa = XCVersionGroup;
			children = (
				DEC18638254A399D00D730CC /* SoundWizard.xcdatamodel */,
			);
			currentVersion = DEC18638254A399D00D730CC /* SoundWizard.xcdatamodel */;
			path = UserGameData.xcdatamodeld;
			sourceTree = "<group>";
			versionGroupType = wrapper.xcdatamodel;
		};
/* End XCVersionGroup section */
	};
	rootObject = DEC18623254A399D00D730CC /* Project object */;
}
